
Microsoft Visual Studio Solution File, Format Version 12.00
# Visual Studio Version 16
VisualStudioVersion = 25.0.1705.6
MinimumVisualStudioVersion = 10.0.40219.1
Project("{FAE04EC0-301F-11D3-BF4B-00C04F79EFBC}") = "Ballhyttebooking", "Ballhyttebooking.csproj", "{49B632E1-2247-41F2-A153-A23AFE98398D}"
EndProject
Global
	GlobalSection(SolutionConfigurationPlatforms) = preSolution
		Debug|Any CPU = Debug|Any CPU
		Release|Any CPU = Release|Any CPU
	EndGlobalSection
	GlobalSection(ProjectConfigurationPlatforms) = postSolution
		{49B632E1-2247-41F2-A153-A23AFE98398D}.Debug|Any CPU.ActiveCfg = Debug|Any CPU
		{49B632E1-2247-41F2-A153-A23AFE98398D}.Debug|Any CPU.Build.0 = Debug|Any CPU
		{49B632E1-2247-41F2-A153-A23AFE98398D}.Release|Any CPU.ActiveCfg = Release|Any CPU
		{49B632E1-2247-41F2-A153-A23AFE98398D}.Release|Any CPU.Build.0 = Release|Any CPU
	EndGlobalSection
	GlobalSection(SolutionProperties) = preSolution
		HideSolutionNode = FALSE
	EndGlobalSection
	GlobalSection(ExtensibilityGlobals) = postSolution
		SolutionGuid = {F7696685-C514-4C96-BA8B-37AA225EF884}
	EndGlobalSection
EndGlobal
